// !$*UTF8*$!
{
	archiveVersion = 1;
	classes = {
	};
	objectVersion = 46;
	objects = {

/* Begin PBXBuildFile section */
		C6B656BC1970731F0014DB69 /* main.m in Sources */ = {isa = PBXBuildFile; fileRef = C6B656BB1970731F0014DB69 /* main.m */; };
		C6B656BF1970731F0014DB69 /* AppDelegate.m in Sources */ = {isa = PBXBuildFile; fileRef = C6B656BE1970731F0014DB69 /* AppDelegate.m */; };
		C6B656C21970731F0014DB69 /* ViewController.mm in Sources */ = {isa = PBXBuildFile; fileRef = C6B656C11970731F0014DB69 /* ViewController.mm */; };
		C6B656C51970731F0014DB69 /* Main.storyboard in Resources */ = {isa = PBXBuildFile; fileRef = C6B656C31970731F0014DB69 /* Main.storyboard */; };
		C6B656C71970731F0014DB69 /* Images.xcassets in Resources */ = {isa = PBXBuildFile; fileRef = C6B656C61970731F0014DB69 /* Images.xcassets */; };
		C6B656D31970731F0014DB69 /* QuadrilateralTests.m in Sources */ = {isa = PBXBuildFile; fileRef = C6B656D21970731F0014DB69 /* QuadrilateralTests.m */; };
		C6B65739197076B50014DB69 /* PointView.m in Sources */ = {isa = PBXBuildFile; fileRef = C6B65738197076B50014DB69 /* PointView.m */; };
		CF0729C91980EAEF000AA0EC /* UIView_Quadrilateral.m in Sources */ = {isa = PBXBuildFile; fileRef = CF0729C81980EAEF000AA0EC /* UIView_Quadrilateral.m */; };
		CF072A051980EB34000AA0EC /* AGKCorner.m in Sources */ = {isa = PBXBuildFile; fileRef = CF0729D01980EB34000AA0EC /* AGKCorner.m */; };
		CF072A071980EB34000AA0EC /* AGKLine.m in Sources */ = {isa = PBXBuildFile; fileRef = CF0729D31980EB34000AA0EC /* AGKLine.m */; };
		CF072A091980EB34000AA0EC /* AGKMath.m in Sources */ = {isa = PBXBuildFile; fileRef = CF0729D61980EB34000AA0EC /* AGKMath.m */; };
		CF072A0B1980EB34000AA0EC /* AGKQuad.m in Sources */ = {isa = PBXBuildFile; fileRef = CF0729D91980EB34000AA0EC /* AGKQuad.m */; };
		CF072A0D1980EB34000AA0EC /* AGKVector3D.m in Sources */ = {isa = PBXBuildFile; fileRef = CF0729DC1980EB34000AA0EC /* AGKVector3D.m */; };
		CF072A0F1980EB34000AA0EC /* CALayer+AGK+Methods.m in Sources */ = {isa = PBXBuildFile; fileRef = CF0729E11980EB34000AA0EC /* CALayer+AGK+Methods.m */; };
		CF072A101980EB34000AA0EC /* CALayer+AGK+Properties.m in Sources */ = {isa = PBXBuildFile; fileRef = CF0729E31980EB34000AA0EC /* CALayer+AGK+Properties.m */; };
		CF072A121980EB34000AA0EC /* CALayer+AGKQuad.m in Sources */ = {isa = PBXBuildFile; fileRef = CF0729E61980EB34000AA0EC /* CALayer+AGKQuad.m */; };
		CF072A141980EB34000AA0EC /* NSValue+AGKQuad.m in Sources */ = {isa = PBXBuildFile; fileRef = CF0729E91980EB34000AA0EC /* NSValue+AGKQuad.m */; };
		CF072A161980EB34000AA0EC /* UIBezierPath+AGKQuad.m in Sources */ = {isa = PBXBuildFile; fileRef = CF0729EC1980EB34000AA0EC /* UIBezierPath+AGKQuad.m */; };
		CF072A171980EB34000AA0EC /* UIImage+AGK+CATransform3D.m in Sources */ = {isa = PBXBuildFile; fileRef = CF0729EE1980EB34000AA0EC /* UIImage+AGK+CATransform3D.m */; };
		CF072A181980EB34000AA0EC /* UIImage+AGKQuad.m in Sources */ = {isa = PBXBuildFile; fileRef = CF0729F01980EB34000AA0EC /* UIImage+AGKQuad.m */; };
		CF072A191980EB34000AA0EC /* UIView+AGK+AngleConverter.m in Sources */ = {isa = PBXBuildFile; fileRef = CF0729F21980EB34000AA0EC /* UIView+AGK+AngleConverter.m */; };
		CF072A1B1980EB34000AA0EC /* UIView+AGK+Properties.m in Sources */ = {isa = PBXBuildFile; fileRef = CF0729F51980EB34000AA0EC /* UIView+AGK+Properties.m */; };
		CF072A1D1980EB34000AA0EC /* AGKCALayerAnimationBlockDelegate.m in Sources */ = {isa = PBXBuildFile; fileRef = CF0729FA1980EB34000AA0EC /* AGKCALayerAnimationBlockDelegate.m */; };
		CF072A1E1980EB34000AA0EC /* AGKTransformPixelMapper.m in Sources */ = {isa = PBXBuildFile; fileRef = CF0729FC1980EB34000AA0EC /* AGKTransformPixelMapper.m */; };
		CF072A1F1980EB34000AA0EC /* CGGeometry+AGGeometryKit.m in Sources */ = {isa = PBXBuildFile; fileRef = CF072A001980EB34000AA0EC /* CGGeometry+AGGeometryKit.m */; };
		CF072A211980EB34000AA0EC /* CGImageRef+AGK+CATransform3D.m in Sources */ = {isa = PBXBuildFile; fileRef = CF072A031980EB34000AA0EC /* CGImageRef+AGK+CATransform3D.m */; };
		CF072A2319816B12000AA0EC /* opencv2.framework in Frameworks */ = {isa = PBXBuildFile; fileRef = CF072A2219816B12000AA0EC /* opencv2.framework */; };
/* End PBXBuildFile section */

/* Begin PBXContainerItemProxy section */
		C6B656CD1970731F0014DB69 /* PBXContainerItemProxy */ = {
			isa = PBXContainerItemProxy;
			containerPortal = C6B656AE1970731F0014DB69 /* Project object */;
			proxyType = 1;
			remoteGlobalIDString = C6B656B51970731F0014DB69;
			remoteInfo = Quadrilateral;
		};
/* End PBXContainerItemProxy section */

/* Begin PBXFileReference section */
		C6B656B61970731F0014DB69 /* Quadrilateral.app */ = {isa = PBXFileReference; explicitFileType = wrapper.application; includeInIndex = 0; path = Quadrilateral.app; sourceTree = BUILT_PRODUCTS_DIR; };
		C6B656BA1970731F0014DB69 /* Info.plist */ = {isa = PBXFileReference; lastKnownFileType = text.plist.xml; path = Info.plist; sourceTree = "<group>"; };
		C6B656BB1970731F0014DB69 /* main.m */ = {isa = PBXFileReference; lastKnownFileType = sourcecode.c.objc; path = main.m; sourceTree = "<group>"; };
		C6B656BD1970731F0014DB69 /* AppDelegate.h */ = {isa = PBXFileReference; lastKnownFileType = sourcecode.c.h; path = AppDelegate.h; sourceTree = "<group>"; };
		C6B656BE1970731F0014DB69 /* AppDelegate.m */ = {isa = PBXFileReference; lastKnownFileType = sourcecode.c.objc; path = AppDelegate.m; sourceTree = "<group>"; };
		C6B656C01970731F0014DB69 /* ViewController.h */ = {isa = PBXFileReference; lastKnownFileType = sourcecode.c.h; path = ViewController.h; sourceTree = "<group>"; };
		C6B656C11970731F0014DB69 /* ViewController.mm */ = {isa = PBXFileReference; lastKnownFileType = sourcecode.cpp.objcpp; path = ViewController.mm; sourceTree = "<group>"; };
		C6B656C41970731F0014DB69 /* Base */ = {isa = PBXFileReference; lastKnownFileType = file.storyboard; name = Base; path = Base.lproj/Main.storyboard; sourceTree = "<group>"; };
		C6B656C61970731F0014DB69 /* Images.xcassets */ = {isa = PBXFileReference; lastKnownFileType = folder.assetcatalog; path = Images.xcassets; sourceTree = "<group>"; };
		C6B656CC1970731F0014DB69 /* QuadrilateralTests.xctest */ = {isa = PBXFileReference; explicitFileType = wrapper.cfbundle; includeInIndex = 0; path = QuadrilateralTests.xctest; sourceTree = BUILT_PRODUCTS_DIR; };
		C6B656D11970731F0014DB69 /* Info.plist */ = {isa = PBXFileReference; lastKnownFileType = text.plist.xml; path = Info.plist; sourceTree = "<group>"; };
		C6B656D21970731F0014DB69 /* QuadrilateralTests.m */ = {isa = PBXFileReference; lastKnownFileType = sourcecode.c.objc; path = QuadrilateralTests.m; sourceTree = "<group>"; };
		C6B65737197076B50014DB69 /* PointView.h */ = {isa = PBXFileReference; fileEncoding = 4; lastKnownFileType = sourcecode.c.h; path = PointView.h; sourceTree = "<group>"; };
		C6B65738197076B50014DB69 /* PointView.m */ = {isa = PBXFileReference; fileEncoding = 4; lastKnownFileType = sourcecode.c.objc; path = PointView.m; sourceTree = "<group>"; };
		CF0729C71980EAEF000AA0EC /* UIView_Quadrilateral.h */ = {isa = PBXFileReference; fileEncoding = 4; lastKnownFileType = sourcecode.c.h; path = UIView_Quadrilateral.h; sourceTree = "<group>"; };
		CF0729C81980EAEF000AA0EC /* UIView_Quadrilateral.m */ = {isa = PBXFileReference; fileEncoding = 4; lastKnownFileType = sourcecode.c.objc; path = UIView_Quadrilateral.m; sourceTree = "<group>"; };
		CF0729CB1980EB34000AA0EC /* AGGeometryKit-Prefix.pch */ = {isa = PBXFileReference; fileEncoding = 4; lastKnownFileType = sourcecode.c.h; path = "AGGeometryKit-Prefix.pch"; sourceTree = "<group>"; };
		CF0729CC1980EB34000AA0EC /* AGGeometryKit.h */ = {isa = PBXFileReference; fileEncoding = 4; lastKnownFileType = sourcecode.c.h; path = AGGeometryKit.h; sourceTree = "<group>"; };
		CF0729CD1980EB34000AA0EC /* AGKBitOperations.h */ = {isa = PBXFileReference; fileEncoding = 4; lastKnownFileType = sourcecode.c.h; path = AGKBitOperations.h; sourceTree = "<group>"; };
		CF0729CE1980EB34000AA0EC /* AGKBitOperationsTest.m */ = {isa = PBXFileReference; fileEncoding = 4; lastKnownFileType = sourcecode.c.objc; path = AGKBitOperationsTest.m; sourceTree = "<group>"; };
		CF0729CF1980EB34000AA0EC /* AGKCorner.h */ = {isa = PBXFileReference; fileEncoding = 4; lastKnownFileType = sourcecode.c.h; path = AGKCorner.h; sourceTree = "<group>"; };
		CF0729D01980EB34000AA0EC /* AGKCorner.m */ = {isa = PBXFileReference; fileEncoding = 4; lastKnownFileType = sourcecode.c.objc; path = AGKCorner.m; sourceTree = "<group>"; };
		CF0729D11980EB34000AA0EC /* AGKCornerTest.m */ = {isa = PBXFileReference; fileEncoding = 4; lastKnownFileType = sourcecode.c.objc; path = AGKCornerTest.m; sourceTree = "<group>"; };
		CF0729D21980EB34000AA0EC /* AGKLine.h */ = {isa = PBXFileReference; fileEncoding = 4; lastKnownFileType = sourcecode.c.h; path = AGKLine.h; sourceTree = "<group>"; };
		CF0729D31980EB34000AA0EC /* AGKLine.m */ = {isa = PBXFileReference; fileEncoding = 4; lastKnownFileType = sourcecode.c.objc; path = AGKLine.m; sourceTree = "<group>"; };
		CF0729D41980EB34000AA0EC /* AGKLineTest.m */ = {isa = PBXFileReference; fileEncoding = 4; lastKnownFileType = sourcecode.c.objc; path = AGKLineTest.m; sourceTree = "<group>"; };
		CF0729D51980EB34000AA0EC /* AGKMath.h */ = {isa = PBXFileReference; fileEncoding = 4; lastKnownFileType = sourcecode.c.h; path = AGKMath.h; sourceTree = "<group>"; };
		CF0729D61980EB34000AA0EC /* AGKMath.m */ = {isa = PBXFileReference; fileEncoding = 4; lastKnownFileType = sourcecode.c.objc; path = AGKMath.m; sourceTree = "<group>"; };
		CF0729D71980EB34000AA0EC /* AGKMathTest.m */ = {isa = PBXFileReference; fileEncoding = 4; lastKnownFileType = sourcecode.c.objc; path = AGKMathTest.m; sourceTree = "<group>"; };
		CF0729D81980EB34000AA0EC /* AGKQuad.h */ = {isa = PBXFileReference; fileEncoding = 4; lastKnownFileType = sourcecode.c.h; path = AGKQuad.h; sourceTree = "<group>"; };
		CF0729D91980EB34000AA0EC /* AGKQuad.m */ = {isa = PBXFileReference; fileEncoding = 4; lastKnownFileType = sourcecode.c.objc; path = AGKQuad.m; sourceTree = "<group>"; };
		CF0729DA1980EB34000AA0EC /* AGKQuadTest.m */ = {isa = PBXFileReference; fileEncoding = 4; lastKnownFileType = sourcecode.c.objc; path = AGKQuadTest.m; sourceTree = "<group>"; };
		CF0729DB1980EB34000AA0EC /* AGKVector3D.h */ = {isa = PBXFileReference; fileEncoding = 4; lastKnownFileType = sourcecode.c.h; path = AGKVector3D.h; sourceTree = "<group>"; };
		CF0729DC1980EB34000AA0EC /* AGKVector3D.m */ = {isa = PBXFileReference; fileEncoding = 4; lastKnownFileType = sourcecode.c.objc; path = AGKVector3D.m; sourceTree = "<group>"; };
		CF0729DD1980EB34000AA0EC /* AGKVector3DTest.m */ = {isa = PBXFileReference; fileEncoding = 4; lastKnownFileType = sourcecode.c.objc; path = AGKVector3DTest.m; sourceTree = "<group>"; };
		CF0729DF1980EB34000AA0EC /* AGGeometryKitCategories.h */ = {isa = PBXFileReference; fileEncoding = 4; lastKnownFileType = sourcecode.c.h; path = AGGeometryKitCategories.h; sourceTree = "<group>"; };
		CF0729E01980EB34000AA0EC /* CALayer+AGK+Methods.h */ = {isa = PBXFileReference; fileEncoding = 4; lastKnownFileType = sourcecode.c.h; path = "CALayer+AGK+Methods.h"; sourceTree = "<group>"; };
		CF0729E11980EB34000AA0EC /* CALayer+AGK+Methods.m */ = {isa = PBXFileReference; fileEncoding = 4; lastKnownFileType = sourcecode.c.objc; path = "CALayer+AGK+Methods.m"; sourceTree = "<group>"; };
		CF0729E21980EB34000AA0EC /* CALayer+AGK+Properties.h */ = {isa = PBXFileReference; fileEncoding = 4; lastKnownFileType = sourcecode.c.h; path = "CALayer+AGK+Properties.h"; sourceTree = "<group>"; };
		CF0729E31980EB34000AA0EC /* CALayer+AGK+Properties.m */ = {isa = PBXFileReference; fileEncoding = 4; lastKnownFileType = sourcecode.c.objc; path = "CALayer+AGK+Properties.m"; sourceTree = "<group>"; };
		CF0729E41980EB34000AA0EC /* CALayer+AGK+PropertiesTest.m */ = {isa = PBXFileReference; fileEncoding = 4; lastKnownFileType = sourcecode.c.objc; path = "CALayer+AGK+PropertiesTest.m"; sourceTree = "<group>"; };
		CF0729E51980EB34000AA0EC /* CALayer+AGKQuad.h */ = {isa = PBXFileReference; fileEncoding = 4; lastKnownFileType = sourcecode.c.h; path = "CALayer+AGKQuad.h"; sourceTree = "<group>"; };
		CF0729E61980EB34000AA0EC /* CALayer+AGKQuad.m */ = {isa = PBXFileReference; fileEncoding = 4; lastKnownFileType = sourcecode.c.objc; path = "CALayer+AGKQuad.m"; sourceTree = "<group>"; };
		CF0729E71980EB34000AA0EC /* CALayer+AGKQuadTest.m */ = {isa = PBXFileReference; fileEncoding = 4; lastKnownFileType = sourcecode.c.objc; path = "CALayer+AGKQuadTest.m"; sourceTree = "<group>"; };
		CF0729E81980EB34000AA0EC /* NSValue+AGKQuad.h */ = {isa = PBXFileReference; fileEncoding = 4; lastKnownFileType = sourcecode.c.h; path = "NSValue+AGKQuad.h"; sourceTree = "<group>"; };
		CF0729E91980EB34000AA0EC /* NSValue+AGKQuad.m */ = {isa = PBXFileReference; fileEncoding = 4; lastKnownFileType = sourcecode.c.objc; path = "NSValue+AGKQuad.m"; sourceTree = "<group>"; };
		CF0729EA1980EB34000AA0EC /* NSValue+AGKQuadTest.m */ = {isa = PBXFileReference; fileEncoding = 4; lastKnownFileType = sourcecode.c.objc; path = "NSValue+AGKQuadTest.m"; sourceTree = "<group>"; };
		CF0729EB1980EB34000AA0EC /* UIBezierPath+AGKQuad.h */ = {isa = PBXFileReference; fileEncoding = 4; lastKnownFileType = sourcecode.c.h; path = "UIBezierPath+AGKQuad.h"; sourceTree = "<group>"; };
		CF0729EC1980EB34000AA0EC /* UIBezierPath+AGKQuad.m */ = {isa = PBXFileReference; fileEncoding = 4; lastKnownFileType = sourcecode.c.objc; path = "UIBezierPath+AGKQuad.m"; sourceTree = "<group>"; };
		CF0729ED1980EB34000AA0EC /* UIImage+AGK+CATransform3D.h */ = {isa = PBXFileReference; fileEncoding = 4; lastKnownFileType = sourcecode.c.h; path = "UIImage+AGK+CATransform3D.h"; sourceTree = "<group>"; };
		CF0729EE1980EB34000AA0EC /* UIImage+AGK+CATransform3D.m */ = {isa = PBXFileReference; fileEncoding = 4; lastKnownFileType = sourcecode.c.objc; path = "UIImage+AGK+CATransform3D.m"; sourceTree = "<group>"; };
		CF0729EF1980EB34000AA0EC /* UIImage+AGKQuad.h */ = {isa = PBXFileReference; fileEncoding = 4; lastKnownFileType = sourcecode.c.h; path = "UIImage+AGKQuad.h"; sourceTree = "<group>"; };
		CF0729F01980EB34000AA0EC /* UIImage+AGKQuad.m */ = {isa = PBXFileReference; fileEncoding = 4; lastKnownFileType = sourcecode.c.objc; path = "UIImage+AGKQuad.m"; sourceTree = "<group>"; };
		CF0729F11980EB34000AA0EC /* UIView+AGK+AngleConverter.h */ = {isa = PBXFileReference; fileEncoding = 4; lastKnownFileType = sourcecode.c.h; path = "UIView+AGK+AngleConverter.h"; sourceTree = "<group>"; };
		CF0729F21980EB34000AA0EC /* UIView+AGK+AngleConverter.m */ = {isa = PBXFileReference; fileEncoding = 4; lastKnownFileType = sourcecode.c.objc; path = "UIView+AGK+AngleConverter.m"; sourceTree = "<group>"; };
		CF0729F31980EB34000AA0EC /* UIView+AGK+AngleConverterTest.m */ = {isa = PBXFileReference; fileEncoding = 4; lastKnownFileType = sourcecode.c.objc; path = "UIView+AGK+AngleConverterTest.m"; sourceTree = "<group>"; };
		CF0729F41980EB34000AA0EC /* UIView+AGK+Properties.h */ = {isa = PBXFileReference; fileEncoding = 4; lastKnownFileType = sourcecode.c.h; path = "UIView+AGK+Properties.h"; sourceTree = "<group>"; };
		CF0729F51980EB34000AA0EC /* UIView+AGK+Properties.m */ = {isa = PBXFileReference; fileEncoding = 4; lastKnownFileType = sourcecode.c.objc; path = "UIView+AGK+Properties.m"; sourceTree = "<group>"; };
		CF0729F61980EB34000AA0EC /* UIView+AGK+PropertiesTest.m */ = {isa = PBXFileReference; fileEncoding = 4; lastKnownFileType = sourcecode.c.objc; path = "UIView+AGK+PropertiesTest.m"; sourceTree = "<group>"; };
		CF0729F81980EB34000AA0EC /* AGGeometryKitClasses.h */ = {isa = PBXFileReference; fileEncoding = 4; lastKnownFileType = sourcecode.c.h; path = AGGeometryKitClasses.h; sourceTree = "<group>"; };
		CF0729F91980EB34000AA0EC /* AGKCALayerAnimationBlockDelegate.h */ = {isa = PBXFileReference; fileEncoding = 4; lastKnownFileType = sourcecode.c.h; path = AGKCALayerAnimationBlockDelegate.h; sourceTree = "<group>"; };
		CF0729FA1980EB34000AA0EC /* AGKCALayerAnimationBlockDelegate.m */ = {isa = PBXFileReference; fileEncoding = 4; lastKnownFileType = sourcecode.c.objc; path = AGKCALayerAnimationBlockDelegate.m; sourceTree = "<group>"; };
		CF0729FB1980EB34000AA0EC /* AGKTransformPixelMapper.h */ = {isa = PBXFileReference; fileEncoding = 4; lastKnownFileType = sourcecode.c.h; path = AGKTransformPixelMapper.h; sourceTree = "<group>"; };
		CF0729FC1980EB34000AA0EC /* AGKTransformPixelMapper.m */ = {isa = PBXFileReference; fileEncoding = 4; lastKnownFileType = sourcecode.c.objc; path = AGKTransformPixelMapper.m; sourceTree = "<group>"; };
		CF0729FE1980EB34000AA0EC /* AGGeometryKitCoreGraphics.h */ = {isa = PBXFileReference; fileEncoding = 4; lastKnownFileType = sourcecode.c.h; path = AGGeometryKitCoreGraphics.h; sourceTree = "<group>"; };
		CF0729FF1980EB34000AA0EC /* CGGeometry+AGGeometryKit.h */ = {isa = PBXFileReference; fileEncoding = 4; lastKnownFileType = sourcecode.c.h; path = "CGGeometry+AGGeometryKit.h"; sourceTree = "<group>"; };
		CF072A001980EB34000AA0EC /* CGGeometry+AGGeometryKit.m */ = {isa = PBXFileReference; fileEncoding = 4; lastKnownFileType = sourcecode.c.objc; path = "CGGeometry+AGGeometryKit.m"; sourceTree = "<group>"; };
		CF072A011980EB34000AA0EC /* CGGeometry+AGGeometryKitTest.m */ = {isa = PBXFileReference; fileEncoding = 4; lastKnownFileType = sourcecode.c.objc; path = "CGGeometry+AGGeometryKitTest.m"; sourceTree = "<group>"; };
		CF072A021980EB34000AA0EC /* CGImageRef+AGK+CATransform3D.h */ = {isa = PBXFileReference; fileEncoding = 4; lastKnownFileType = sourcecode.c.h; path = "CGImageRef+AGK+CATransform3D.h"; sourceTree = "<group>"; };
		CF072A031980EB34000AA0EC /* CGImageRef+AGK+CATransform3D.m */ = {isa = PBXFileReference; fileEncoding = 4; lastKnownFileType = sourcecode.c.objc; path = "CGImageRef+AGK+CATransform3D.m"; sourceTree = "<group>"; };
		CF072A2219816B12000AA0EC /* opencv2.framework */ = {isa = PBXFileReference; lastKnownFileType = wrapper.framework; name = opencv2.framework; path = ../opencv2.framework; sourceTree = "<group>"; };
/* End PBXFileReference section */

/* Begin PBXFrameworksBuildPhase section */
		C6B656B31970731F0014DB69 /* Frameworks */ = {
			isa = PBXFrameworksBuildPhase;
			buildActionMask = 2147483647;
			files = (
				CF072A2319816B12000AA0EC /* opencv2.framework in Frameworks */,
			);
			runOnlyForDeploymentPostprocessing = 0;
		};
		C6B656C91970731F0014DB69 /* Frameworks */ = {
			isa = PBXFrameworksBuildPhase;
			buildActionMask = 2147483647;
			files = (
			);
			runOnlyForDeploymentPostprocessing = 0;
		};
/* End PBXFrameworksBuildPhase section */

/* Begin PBXGroup section */
		C6B656AD1970731F0014DB69 = {
			isa = PBXGroup;
			children = (
				C6B656B81970731F0014DB69 /* Quadrilateral */,
				C6B656CF1970731F0014DB69 /* QuadrilateralTests */,
				C6B656B71970731F0014DB69 /* Products */,
			);
			sourceTree = "<group>";
		};
		C6B656B71970731F0014DB69 /* Products */ = {
			isa = PBXGroup;
			children = (
				C6B656B61970731F0014DB69 /* Quadrilateral.app */,
				C6B656CC1970731F0014DB69 /* QuadrilateralTests.xctest */,
			);
			name = Products;
			sourceTree = "<group>";
		};
		C6B656B81970731F0014DB69 /* Quadrilateral */ = {
			isa = PBXGroup;
			children = (
				CF072A261981723C000AA0EC /* New Group */,
				CF057A1719777E42001717D1 /* ThirdParty */,
				C6B656C01970731F0014DB69 /* ViewController.h */,
				C6B656C11970731F0014DB69 /* ViewController.mm */,
				CF072A2719817249000AA0EC /* UserInterface */,
				C6B656C61970731F0014DB69 /* Images.xcassets */,
				C6B656B91970731F0014DB69 /* Supporting Files */,
				CF072A241981722F000AA0EC /* View */,
				CF072A2519817236000AA0EC /* Categories */,
			);
			path = Quadrilateral;
			sourceTree = "<group>";
		};
		C6B656B91970731F0014DB69 /* Supporting Files */ = {
			isa = PBXGroup;
			children = (
				C6B656BD1970731F0014DB69 /* AppDelegate.h */,
				C6B656BE1970731F0014DB69 /* AppDelegate.m */,
				C6B656BA1970731F0014DB69 /* Info.plist */,
				C6B656BB1970731F0014DB69 /* main.m */,
			);
			name = "Supporting Files";
			sourceTree = "<group>";
		};
		C6B656CF1970731F0014DB69 /* QuadrilateralTests */ = {
			isa = PBXGroup;
			children = (
				C6B656D21970731F0014DB69 /* QuadrilateralTests.m */,
				C6B656D01970731F0014DB69 /* Supporting Files */,
			);
			path = QuadrilateralTests;
			sourceTree = "<group>";
		};
		C6B656D01970731F0014DB69 /* Supporting Files */ = {
			isa = PBXGroup;
			children = (
				C6B656D11970731F0014DB69 /* Info.plist */,
			);
			name = "Supporting Files";
			sourceTree = "<group>";
		};
		CF057A1719777E42001717D1 /* ThirdParty */ = {
			isa = PBXGroup;
			children = (
				CF072A2219816B12000AA0EC /* opencv2.framework */,
				CF0729CA1980EB34000AA0EC /* AGGeometryKit */,
			);
			path = ThirdParty;
			sourceTree = "<group>";
		};
		CF0729CA1980EB34000AA0EC /* AGGeometryKit */ = {
			isa = PBXGroup;
			children = (
				CF0729CB1980EB34000AA0EC /* AGGeometryKit-Prefix.pch */,
				CF0729CC1980EB34000AA0EC /* AGGeometryKit.h */,
				CF0729CD1980EB34000AA0EC /* AGKBitOperations.h */,
				CF0729CE1980EB34000AA0EC /* AGKBitOperationsTest.m */,
				CF0729CF1980EB34000AA0EC /* AGKCorner.h */,
				CF0729D01980EB34000AA0EC /* AGKCorner.m */,
				CF0729D11980EB34000AA0EC /* AGKCornerTest.m */,
				CF0729D21980EB34000AA0EC /* AGKLine.h */,
				CF0729D31980EB34000AA0EC /* AGKLine.m */,
				CF0729D41980EB34000AA0EC /* AGKLineTest.m */,
				CF0729D51980EB34000AA0EC /* AGKMath.h */,
				CF0729D61980EB34000AA0EC /* AGKMath.m */,
				CF0729D71980EB34000AA0EC /* AGKMathTest.m */,
				CF0729D81980EB34000AA0EC /* AGKQuad.h */,
				CF0729D91980EB34000AA0EC /* AGKQuad.m */,
				CF0729DA1980EB34000AA0EC /* AGKQuadTest.m */,
				CF0729DB1980EB34000AA0EC /* AGKVector3D.h */,
				CF0729DC1980EB34000AA0EC /* AGKVector3D.m */,
				CF0729DD1980EB34000AA0EC /* AGKVector3DTest.m */,
				CF0729DE1980EB34000AA0EC /* Categories */,
				CF0729F71980EB34000AA0EC /* Classes */,
				CF0729FD1980EB34000AA0EC /* CoreGraphics_Extensions */,
			);
			name = AGGeometryKit;
			path = ../Source;
			sourceTree = "<group>";
		};
		CF0729DE1980EB34000AA0EC /* Categories */ = {
			isa = PBXGroup;
			children = (
				CF0729DF1980EB34000AA0EC /* AGGeometryKitCategories.h */,
				CF0729E01980EB34000AA0EC /* CALayer+AGK+Methods.h */,
				CF0729E11980EB34000AA0EC /* CALayer+AGK+Methods.m */,
				CF0729E21980EB34000AA0EC /* CALayer+AGK+Properties.h */,
				CF0729E31980EB34000AA0EC /* CALayer+AGK+Properties.m */,
				CF0729E41980EB34000AA0EC /* CALayer+AGK+PropertiesTest.m */,
				CF0729E51980EB34000AA0EC /* CALayer+AGKQuad.h */,
				CF0729E61980EB34000AA0EC /* CALayer+AGKQuad.m */,
				CF0729E71980EB34000AA0EC /* CALayer+AGKQuadTest.m */,
				CF0729E81980EB34000AA0EC /* NSValue+AGKQuad.h */,
				CF0729E91980EB34000AA0EC /* NSValue+AGKQuad.m */,
				CF0729EA1980EB34000AA0EC /* NSValue+AGKQuadTest.m */,
				CF0729EB1980EB34000AA0EC /* UIBezierPath+AGKQuad.h */,
				CF0729EC1980EB34000AA0EC /* UIBezierPath+AGKQuad.m */,
				CF0729ED1980EB34000AA0EC /* UIImage+AGK+CATransform3D.h */,
				CF0729EE1980EB34000AA0EC /* UIImage+AGK+CATransform3D.m */,
				CF0729EF1980EB34000AA0EC /* UIImage+AGKQuad.h */,
				CF0729F01980EB34000AA0EC /* UIImage+AGKQuad.m */,
				CF0729F11980EB34000AA0EC /* UIView+AGK+AngleConverter.h */,
				CF0729F21980EB34000AA0EC /* UIView+AGK+AngleConverter.m */,
				CF0729F31980EB34000AA0EC /* UIView+AGK+AngleConverterTest.m */,
				CF0729F41980EB34000AA0EC /* UIView+AGK+Properties.h */,
				CF0729F51980EB34000AA0EC /* UIView+AGK+Properties.m */,
				CF0729F61980EB34000AA0EC /* UIView+AGK+PropertiesTest.m */,
			);
			path = Categories;
			sourceTree = "<group>";
		};
		CF0729F71980EB34000AA0EC /* Classes */ = {
			isa = PBXGroup;
			children = (
				CF0729F81980EB34000AA0EC /* AGGeometryKitClasses.h */,
				CF0729F91980EB34000AA0EC /* AGKCALayerAnimationBlockDelegate.h */,
				CF0729FA1980EB34000AA0EC /* AGKCALayerAnimationBlockDelegate.m */,
				CF0729FB1980EB34000AA0EC /* AGKTransformPixelMapper.h */,
				CF0729FC1980EB34000AA0EC /* AGKTransformPixelMapper.m */,
			);
			path = Classes;
			sourceTree = "<group>";
		};
		CF0729FD1980EB34000AA0EC /* CoreGraphics_Extensions */ = {
			isa = PBXGroup;
			children = (
				CF0729FE1980EB34000AA0EC /* AGGeometryKitCoreGraphics.h */,
				CF0729FF1980EB34000AA0EC /* CGGeometry+AGGeometryKit.h */,
				CF072A001980EB34000AA0EC /* CGGeometry+AGGeometryKit.m */,
				CF072A011980EB34000AA0EC /* CGGeometry+AGGeometryKitTest.m */,
				CF072A021980EB34000AA0EC /* CGImageRef+AGK+CATransform3D.h */,
				CF072A031980EB34000AA0EC /* CGImageRef+AGK+CATransform3D.m */,
			);
			path = CoreGraphics_Extensions;
			sourceTree = "<group>";
		};
		CF072A241981722F000AA0EC /* View */ = {
			isa = PBXGroup;
			children = (
				C6B65737197076B50014DB69 /* PointView.h */,
				C6B65738197076B50014DB69 /* PointView.m */,
			);
			name = View;
			sourceTree = "<group>";
		};
		CF072A2519817236000AA0EC /* Categories */ = {
			isa = PBXGroup;
			children = (
				CF0729C71980EAEF000AA0EC /* UIView_Quadrilateral.h */,
				CF0729C81980EAEF000AA0EC /* UIView_Quadrilateral.m */,
			);
			name = Categories;
			sourceTree = "<group>";
		};
		CF072A261981723C000AA0EC /* New Group */ = {
			isa = PBXGroup;
			children = (
			);
			name = "New Group";
			sourceTree = "<group>";
		};
		CF072A2719817249000AA0EC /* UserInterface */ = {
			isa = PBXGroup;
			children = (
				C6B656C31970731F0014DB69 /* Main.storyboard */,
			);
			name = UserInterface;
			sourceTree = "<group>";
		};
/* End PBXGroup section */

/* Begin PBXNativeTarget section */
		C6B656B51970731F0014DB69 /* Quadrilateral */ = {
			isa = PBXNativeTarget;
			buildConfigurationList = C6B656D61970731F0014DB69 /* Build configuration list for PBXNativeTarget "Quadrilateral" */;
			buildPhases = (
				C6B656B21970731F0014DB69 /* Sources */,
				C6B656B31970731F0014DB69 /* Frameworks */,
				C6B656B41970731F0014DB69 /* Resources */,
			);
			buildRules = (
			);
			dependencies = (
			);
			name = Quadrilateral;
			productName = Quadrilateral;
			productReference = C6B656B61970731F0014DB69 /* Quadrilateral.app */;
			productType = "com.apple.product-type.application";
		};
		C6B656CB1970731F0014DB69 /* QuadrilateralTests */ = {
			isa = PBXNativeTarget;
			buildConfigurationList = C6B656D91970731F0014DB69 /* Build configuration list for PBXNativeTarget "QuadrilateralTests" */;
			buildPhases = (
				C6B656C81970731F0014DB69 /* Sources */,
				C6B656C91970731F0014DB69 /* Frameworks */,
				C6B656CA1970731F0014DB69 /* Resources */,
			);
			buildRules = (
			);
			dependencies = (
				C6B656CE1970731F0014DB69 /* PBXTargetDependency */,
			);
			name = QuadrilateralTests;
			productName = QuadrilateralTests;
			productReference = C6B656CC1970731F0014DB69 /* QuadrilateralTests.xctest */;
			productType = "com.apple.product-type.bundle.unit-test";
		};
/* End PBXNativeTarget section */

/* Begin PBXProject section */
		C6B656AE1970731F0014DB69 /* Project object */ = {
			isa = PBXProject;
			attributes = {
				LastUpgradeCheck = 0600;
				ORGANIZATIONNAME = "Zakk Hoyt";
				TargetAttributes = {
					C6B656B51970731F0014DB69 = {
						CreatedOnToolsVersion = 6.0;
					};
					C6B656CB1970731F0014DB69 = {
						CreatedOnToolsVersion = 6.0;
						TestTargetID = C6B656B51970731F0014DB69;
					};
				};
			};
			buildConfigurationList = C6B656B11970731F0014DB69 /* Build configuration list for PBXProject "Quadrilateral" */;
			compatibilityVersion = "Xcode 3.2";
			developmentRegion = English;
			hasScannedForEncodings = 0;
			knownRegions = (
				en,
				Base,
			);
			mainGroup = C6B656AD1970731F0014DB69;
			productRefGroup = C6B656B71970731F0014DB69 /* Products */;
			projectDirPath = "";
			projectRoot = "";
			targets = (
				C6B656B51970731F0014DB69 /* Quadrilateral */,
				C6B656CB1970731F0014DB69 /* QuadrilateralTests */,
			);
		};
/* End PBXProject section */

/* Begin PBXResourcesBuildPhase section */
		C6B656B41970731F0014DB69 /* Resources */ = {
			isa = PBXResourcesBuildPhase;
			buildActionMask = 2147483647;
			files = (
				C6B656C51970731F0014DB69 /* Main.storyboard in Resources */,
				C6B656C71970731F0014DB69 /* Images.xcassets in Resources */,
			);
			runOnlyForDeploymentPostprocessing = 0;
		};
		C6B656CA1970731F0014DB69 /* Resources */ = {
			isa = PBXResourcesBuildPhase;
			buildActionMask = 2147483647;
			files = (
			);
			runOnlyForDeploymentPostprocessing = 0;
		};
/* End PBXResourcesBuildPhase section */

/* Begin PBXSourcesBuildPhase section */
		C6B656B21970731F0014DB69 /* Sources */ = {
			isa = PBXSourcesBuildPhase;
			buildActionMask = 2147483647;
			files = (
				CF072A051980EB34000AA0EC /* AGKCorner.m in Sources */,
				CF072A0B1980EB34000AA0EC /* AGKQuad.m in Sources */,
				CF072A1D1980EB34000AA0EC /* AGKCALayerAnimationBlockDelegate.m in Sources */,
				C6B656C21970731F0014DB69 /* ViewController.mm in Sources */,
				CF0729C91980EAEF000AA0EC /* UIView_Quadrilateral.m in Sources */,
				CF072A0D1980EB34000AA0EC /* AGKVector3D.m in Sources */,
				CF072A1F1980EB34000AA0EC /* CGGeometry+AGGeometryKit.m in Sources */,
				CF072A101980EB34000AA0EC /* CALayer+AGK+Properties.m in Sources */,
				CF072A211980EB34000AA0EC /* CGImageRef+AGK+CATransform3D.m in Sources */,
				CF072A1E1980EB34000AA0EC /* AGKTransformPixelMapper.m in Sources */,
				C6B65739197076B50014DB69 /* PointView.m in Sources */,
				CF072A1B1980EB34000AA0EC /* UIView+AGK+Properties.m in Sources */,
				CF072A121980EB34000AA0EC /* CALayer+AGKQuad.m in Sources */,
				CF072A171980EB34000AA0EC /* UIImage+AGK+CATransform3D.m in Sources */,
				CF072A191980EB34000AA0EC /* UIView+AGK+AngleConverter.m in Sources */,
				CF072A091980EB34000AA0EC /* AGKMath.m in Sources */,
				C6B656BF1970731F0014DB69 /* AppDelegate.m in Sources */,
				CF072A161980EB34000AA0EC /* UIBezierPath+AGKQuad.m in Sources */,
				CF072A0F1980EB34000AA0EC /* CALayer+AGK+Methods.m in Sources */,
				CF072A141980EB34000AA0EC /* NSValue+AGKQuad.m in Sources */,
				CF072A181980EB34000AA0EC /* UIImage+AGKQuad.m in Sources */,
				CF072A071980EB34000AA0EC /* AGKLine.m in Sources */,
				C6B656BC1970731F0014DB69 /* main.m in Sources */,
			);
			runOnlyForDeploymentPostprocessing = 0;
		};
		C6B656C81970731F0014DB69 /* Sources */ = {
			isa = PBXSourcesBuildPhase;
			buildActionMask = 2147483647;
			files = (
				C6B656D31970731F0014DB69 /* QuadrilateralTests.m in Sources */,
			);
			runOnlyForDeploymentPostprocessing = 0;
		};
/* End PBXSourcesBuildPhase section */

/* Begin PBXTargetDependency section */
		C6B656CE1970731F0014DB69 /* PBXTargetDependency */ = {
			isa = PBXTargetDependency;
			target = C6B656B51970731F0014DB69 /* Quadrilateral */;
			targetProxy = C6B656CD1970731F0014DB69 /* PBXContainerItemProxy */;
		};
/* End PBXTargetDependency section */

/* Begin PBXVariantGroup section */
		C6B656C31970731F0014DB69 /* Main.storyboard */ = {
			isa = PBXVariantGroup;
			children = (
				C6B656C41970731F0014DB69 /* Base */,
			);
			name = Main.storyboard;
			sourceTree = "<group>";
		};
/* End PBXVariantGroup section */

/* Begin XCBuildConfiguration section */
		C6B656D41970731F0014DB69 /* Debug */ = {
			isa = XCBuildConfiguration;
			buildSettings = {
				ALWAYS_SEARCH_USER_PATHS = NO;
				CLANG_CXX_LANGUAGE_STANDARD = "gnu++0x";
				CLANG_CXX_LIBRARY = "libc++";
				CLANG_ENABLE_MODULES = YES;
				CLANG_ENABLE_OBJC_ARC = YES;
				CLANG_WARN_BOOL_CONVERSION = YES;
				CLANG_WARN_CONSTANT_CONVERSION = YES;
				CLANG_WARN_DIRECT_OBJC_ISA_USAGE = YES_ERROR;
				CLANG_WARN_EMPTY_BODY = YES;
				CLANG_WARN_ENUM_CONVERSION = YES;
				CLANG_WARN_INT_CONVERSION = YES;
				CLANG_WARN_OBJC_ROOT_CLASS = YES_ERROR;
				CLANG_WARN_UNREACHABLE_CODE = YES;
				CLANG_WARN__DUPLICATE_METHOD_MATCH = YES;
				"CODE_SIGN_IDENTITY[sdk=iphoneos*]" = "iPhone Developer";
				COPY_PHASE_STRIP = NO;
				ENABLE_STRICT_OBJC_MSGSEND = YES;
				GCC_C_LANGUAGE_STANDARD = gnu99;
				GCC_DYNAMIC_NO_PIC = NO;
				GCC_OPTIMIZATION_LEVEL = 0;
				GCC_PREPROCESSOR_DEFINITIONS = (
					"DEBUG=1",
					"$(inherited)",
				);
				GCC_SYMBOLS_PRIVATE_EXTERN = NO;
				GCC_WARN_64_TO_32_BIT_CONVERSION = YES;
				GCC_WARN_ABOUT_RETURN_TYPE = YES_ERROR;
				GCC_WARN_UNDECLARED_SELECTOR = YES;
				GCC_WARN_UNINITIALIZED_AUTOS = YES_AGGRESSIVE;
				GCC_WARN_UNUSED_FUNCTION = YES;
				GCC_WARN_UNUSED_VARIABLE = YES;
				IPHONEOS_DEPLOYMENT_TARGET = 7.0;
				MTL_ENABLE_DEBUG_INFO = YES;
				ONLY_ACTIVE_ARCH = YES;
				SDKROOT = iphoneos;
				TARGETED_DEVICE_FAMILY = "1,2";
			};
			name = Debug;
		};
		C6B656D51970731F0014DB69 /* Release */ = {
			isa = XCBuildConfiguration;
			buildSettings = {
				ALWAYS_SEARCH_USER_PATHS = NO;
				CLANG_CXX_LANGUAGE_STANDARD = "gnu++0x";
				CLANG_CXX_LIBRARY = "libc++";
				CLANG_ENABLE_MODULES = YES;
				CLANG_ENABLE_OBJC_ARC = YES;
				CLANG_WARN_BOOL_CONVERSION = YES;
				CLANG_WARN_CONSTANT_CONVERSION = YES;
				CLANG_WARN_DIRECT_OBJC_ISA_USAGE = YES_ERROR;
				CLANG_WARN_EMPTY_BODY = YES;
				CLANG_WARN_ENUM_CONVERSION = YES;
				CLANG_WARN_INT_CONVERSION = YES;
				CLANG_WARN_OBJC_ROOT_CLASS = YES_ERROR;
				CLANG_WARN_UNREACHABLE_CODE = YES;
				CLANG_WARN__DUPLICATE_METHOD_MATCH = YES;
				"CODE_SIGN_IDENTITY[sdk=iphoneos*]" = "iPhone Developer";
				COPY_PHASE_STRIP = YES;
				ENABLE_NS_ASSERTIONS = NO;
				ENABLE_STRICT_OBJC_MSGSEND = YES;
				GCC_C_LANGUAGE_STANDARD = gnu99;
				GCC_WARN_64_TO_32_BIT_CONVERSION = YES;
				GCC_WARN_ABOUT_RETURN_TYPE = YES_ERROR;
				GCC_WARN_UNDECLARED_SELECTOR = YES;
				GCC_WARN_UNINITIALIZED_AUTOS = YES_AGGRESSIVE;
				GCC_WARN_UNUSED_FUNCTION = YES;
				GCC_WARN_UNUSED_VARIABLE = YES;
				IPHONEOS_DEPLOYMENT_TARGET = 7.0;
				MTL_ENABLE_DEBUG_INFO = NO;
				SDKROOT = iphoneos;
				TARGETED_DEVICE_FAMILY = "1,2";
				VALIDATE_PRODUCT = YES;
			};
			name = Release;
		};
		C6B656D71970731F0014DB69 /* Debug */ = {
			isa = XCBuildConfiguration;
			buildSettings = {
				ASSETCATALOG_COMPILER_APPICON_NAME = AppIcon;
				ASSETCATALOG_COMPILER_LAUNCHIMAGE_NAME = LaunchImage;
				FRAMEWORK_SEARCH_PATHS = (
					"$(inherited)",
					"$(PROJECT_DIR)/Quadrilateral/ThirdParty",
					"$(PROJECT_DIR)/Quadrilateral",
				);
				INFOPLIST_FILE = Quadrilateral/Info.plist;
				IPHONEOS_DEPLOYMENT_TARGET = 7.0;
				LD_RUNPATH_SEARCH_PATHS = "$(inherited) @executable_path/Frameworks";
				PRODUCT_NAME = "$(TARGET_NAME)";
			};
			name = Debug;
		};
		C6B656D81970731F0014DB69 /* Release */ = {
			isa = XCBuildConfiguration;
			buildSettings = {
				ASSETCATALOG_COMPILER_APPICON_NAME = AppIcon;
				ASSETCATALOG_COMPILER_LAUNCHIMAGE_NAME = LaunchImage;
				FRAMEWORK_SEARCH_PATHS = (
					"$(inherited)",
					"$(PROJECT_DIR)/Quadrilateral/ThirdParty",
					"$(PROJECT_DIR)/Quadrilateral",
				);
				INFOPLIST_FILE = Quadrilateral/Info.plist;
				IPHONEOS_DEPLOYMENT_TARGET = 7.0;
				LD_RUNPATH_SEARCH_PATHS = "$(inherited) @executable_path/Frameworks";
				PRODUCT_NAME = "$(TARGET_NAME)";
			};
			name = Release;
		};
		C6B656DA1970731F0014DB69 /* Debug */ = {
			isa = XCBuildConfiguration;
			buildSettings = {
				BUNDLE_LOADER = "$(BUILT_PRODUCTS_DIR)/Quadrilateral.app/Quadrilateral";
				FRAMEWORK_SEARCH_PATHS = (
					"$(SDKROOT)/Developer/Library/Frameworks",
					"$(inherited)",
				);
				GCC_PREPROCESSOR_DEFINITIONS = (
					"DEBUG=1",
					"$(inherited)",
				);
				INFOPLIST_FILE = QuadrilateralTests/Info.plist;
				LD_RUNPATH_SEARCH_PATHS = "$(inherited) @executable_path/Frameworks @loader_path/Frameworks";
				PRODUCT_NAME = "$(TARGET_NAME)";
				TEST_HOST = "$(BUNDLE_LOADER)";
			};
			name = Debug;
		};
		C6B656DB1970731F0014DB69 /* Release */ = {
			isa = XCBuildConfiguration;
			buildSettings = {
				BUNDLE_LOADER = "$(BUILT_PRODUCTS_DIR)/Quadrilateral.app/Quadrilateral";
				FRAMEWORK_SEARCH_PATHS = (
					"$(SDKROOT)/Developer/Library/Frameworks",
					"$(inherited)",
				);
				INFOPLIST_FILE = QuadrilateralTests/Info.plist;
				LD_RUNPATH_SEARCH_PATHS = "$(inherited) @executable_path/Frameworks @loader_path/Frameworks";
				PRODUCT_NAME = "$(TARGET_NAME)";
				TEST_HOST = "$(BUNDLE_LOADER)";
			};
			name = Release;
		};
/* End XCBuildConfiguration section */

/* Begin XCConfigurationList section */
		C6B656B11970731F0014DB69 /* Build configuration list for PBXProject "Quadrilateral" */ = {
			isa = XCConfigurationList;
			buildConfigurations = (
				C6B656D41970731F0014DB69 /* Debug */,
				C6B656D51970731F0014DB69 /* Release */,
			);
			defaultConfigurationIsVisible = 0;
			defaultConfigurationName = Release;
		};
		C6B656D61970731F0014DB69 /* Build configuration list for PBXNativeTarget "Quadrilateral" */ = {
			isa = XCConfigurationList;
			buildConfigurations = (
				C6B656D71970731F0014DB69 /* Debug */,
				C6B656D81970731F0014DB69 /* Release */,
			);
			defaultConfigurationIsVisible = 0;
			defaultConfigurationName = Release;
		};
		C6B656D91970731F0014DB69 /* Build configuration list for PBXNativeTarget "QuadrilateralTests" */ = {
			isa = XCConfigurationList;
			buildConfigurations = (
				C6B656DA1970731F0014DB69 /* Debug */,
				C6B656DB1970731F0014DB69 /* Release */,
			);
			defaultConfigurationIsVisible = 0;
			defaultConfigurationName = Release;
		};
/* End XCConfigurationList section */
	};
	rootObject = C6B656AE1970731F0014DB69 /* Project object */;
}
